
Microsoft Visual Studio Solution File, Format Version 12.00
# Visual Studio Version 17
VisualStudioVersion = 17.8.34330.188
MinimumVisualStudioVersion = 10.0.40219.1
Project("{FAE04EC0-301F-11D3-BF4B-00C04F79EFBC}") = "MetodoCifradoDescifrado", "MetodoCifradoDescifrado\MetodoCifradoDescifrado.csproj", "{06B9138E-2751-4999-9239-4A42CF4D415A}"
EndProject
Global
	GlobalSection(SolutionConfigurationPlatforms) = preSolution
		Debug|Any CPU = Debug|Any CPU
		Release|Any CPU = Release|Any CPU
	EndGlobalSection
	GlobalSection(ProjectConfigurationPlatforms) = postSolution
		{06B9138E-2751-4999-9239-4A42CF4D415A}.Debug|Any CPU.ActiveCfg = Debug|Any CPU
		{06B9138E-2751-4999-9239-4A42CF4D415A}.Debug|Any CPU.Build.0 = Debug|Any CPU
		{06B9138E-2751-4999-9239-4A42CF4D415A}.Release|Any CPU.ActiveCfg = Release|Any CPU
		{06B9138E-2751-4999-9239-4A42CF4D415A}.Release|Any CPU.Build.0 = Release|Any CPU
	EndGlobalSection
	GlobalSection(SolutionProperties) = preSolution
		HideSolutionNode = FALSE
	EndGlobalSection
	GlobalSection(ExtensibilityGlobals) = postSolution
		SolutionGuid = {1CAF5D67-DABD-4494-88C3-2E75E8C4ABF9}
	EndGlobalSection
EndGlobal
